
Microsoft Visual Studio Solution File, Format Version 12.00
# Visual Studio Version 17
VisualStudioVersion = 17.8.34330.188
MinimumVisualStudioVersion = 10.0.40219.1
Project("{FAE04EC0-301F-11D3-BF4B-00C04F79EFBC}") = "IDataErrorInfo_Tutorial", "IDataErrorInfo_Tutorial\IDataErrorInfo_Tutorial.csproj", "{DEFBBE11-E534-47DB-9889-1E2C9DEBC941}"
EndProject
Global
	GlobalSection(SolutionConfigurationPlatforms) = preSolution
		Debug|Any CPU = Debug|Any CPU
		Release|Any CPU = Release|Any CPU
	EndGlobalSection
	GlobalSection(ProjectConfigurationPlatforms) = postSolution
		{DEFBBE11-E534-47DB-9889-1E2C9DEBC941}.Debug|Any CPU.ActiveCfg = Debug|Any CPU
		{DEFBBE11-E534-47DB-9889-1E2C9DEBC941}.Debug|Any CPU.Build.0 = Debug|Any CPU
		{DEFBBE11-E534-47DB-9889-1E2C9DEBC941}.Release|Any CPU.ActiveCfg = Release|Any CPU
		{DEFBBE11-E534-47DB-9889-1E2C9DEBC941}.Release|Any CPU.Build.0 = Release|Any CPU
	EndGlobalSection
	GlobalSection(SolutionProperties) = preSolution
		HideSolutionNode = FALSE
	EndGlobalSection
	GlobalSection(ExtensibilityGlobals) = postSolution
		SolutionGuid = {7A2BB2E2-1A4F-4D6A-A642-37125EF6CEB9}
	EndGlobalSection
EndGlobal
